// !$*UTF8*$!
{
	archiveVersion = 1;
	classes = {
	};
	objectVersion = 50;
	objects = {

/* Begin PBXBuildFile section */
		043C309422AE609C009F6BAF /* AppDelegate.swift in Sources */ = {isa = PBXBuildFile; fileRef = 043C309322AE609C009F6BAF /* AppDelegate.swift */; };
		043C309622AE609C009F6BAF /* ViewController.swift in Sources */ = {isa = PBXBuildFile; fileRef = 043C309522AE609C009F6BAF /* ViewController.swift */; };
		043C309922AE609C009F6BAF /* Main.storyboard in Resources */ = {isa = PBXBuildFile; fileRef = 043C309722AE609C009F6BAF /* Main.storyboard */; };
		043C309B22AE609C009F6BAF /* Assets.xcassets in Resources */ = {isa = PBXBuildFile; fileRef = 043C309A22AE609C009F6BAF /* Assets.xcassets */; };
		043C309E22AE609C009F6BAF /* LaunchScreen.storyboard in Resources */ = {isa = PBXBuildFile; fileRef = 043C309C22AE609C009F6BAF /* LaunchScreen.storyboard */; };
		043C30A922AE609C009F6BAF /* segmentedControlSwitchTests.swift in Sources */ = {isa = PBXBuildFile; fileRef = 043C30A822AE609C009F6BAF /* segmentedControlSwitchTests.swift */; };
		043C30B422AE609C009F6BAF /* segmentedControlSwitchUITests.swift in Sources */ = {isa = PBXBuildFile; fileRef = 043C30B322AE609C009F6BAF /* segmentedControlSwitchUITests.swift */; };
/* End PBXBuildFile section */

/* Begin PBXContainerItemProxy section */
		043C30A522AE609C009F6BAF /* PBXContainerItemProxy */ = {
			isa = PBXContainerItemProxy;
			containerPortal = 043C308822AE609C009F6BAF /* Project object */;
			proxyType = 1;
			remoteGlobalIDString = 043C308F22AE609C009F6BAF;
			remoteInfo = segmentedControlSwitch;
		};
		043C30B022AE609C009F6BAF /* PBXContainerItemProxy */ = {
			isa = PBXContainerItemProxy;
			containerPortal = 043C308822AE609C009F6BAF /* Project object */;
			proxyType = 1;
			remoteGlobalIDString = 043C308F22AE609C009F6BAF;
			remoteInfo = segmentedControlSwitch;
		};
/* End PBXContainerItemProxy section */

/* Begin PBXFileReference section */
		043C309022AE609C009F6BAF /* segmentedControlSwitch.app */ = {isa = PBXFileReference; explicitFileType = wrapper.application; includeInIndex = 0; path = segmentedControlSwitch.app; sourceTree = BUILT_PRODUCTS_DIR; };
		043C309322AE609C009F6BAF /* AppDelegate.swift */ = {isa = PBXFileReference; lastKnownFileType = sourcecode.swift; path = AppDelegate.swift; sourceTree = "<group>"; };
		043C309522AE609C009F6BAF /* ViewController.swift */ = {isa = PBXFileReference; lastKnownFileType = sourcecode.swift; path = ViewController.swift; sourceTree = "<group>"; };
		043C309822AE609C009F6BAF /* Base */ = {isa = PBXFileReference; lastKnownFileType = file.storyboard; name = Base; path = Base.lproj/Main.storyboard; sourceTree = "<group>"; };
		043C309A22AE609C009F6BAF /* Assets.xcassets */ = {isa = PBXFileReference; lastKnownFileType = folder.assetcatalog; path = Assets.xcassets; sourceTree = "<group>"; };
		043C309D22AE609C009F6BAF /* Base */ = {isa = PBXFileReference; lastKnownFileType = file.storyboard; name = Base; path = Base.lproj/LaunchScreen.storyboard; sourceTree = "<group>"; };
		043C309F22AE609C009F6BAF /* Info.plist */ = {isa = PBXFileReference; lastKnownFileType = text.plist.xml; path = Info.plist; sourceTree = "<group>"; };
		043C30A422AE609C009F6BAF /* segmentedControlSwitchTests.xctest */ = {isa = PBXFileReference; explicitFileType = wrapper.cfbundle; includeInIndex = 0; path = segmentedControlSwitchTests.xctest; sourceTree = BUILT_PRODUCTS_DIR; };
		043C30A822AE609C009F6BAF /* segmentedControlSwitchTests.swift */ = {isa = PBXFileReference; lastKnownFileType = sourcecode.swift; path = segmentedControlSwitchTests.swift; sourceTree = "<group>"; };
		043C30AA22AE609C009F6BAF /* Info.plist */ = {isa = PBXFileReference; lastKnownFileType = text.plist.xml; path = Info.plist; sourceTree = "<group>"; };
		043C30AF22AE609C009F6BAF /* segmentedControlSwitchUITests.xctest */ = {isa = PBXFileReference; explicitFileType = wrapper.cfbundle; includeInIndex = 0; path = segmentedControlSwitchUITests.xctest; sourceTree = BUILT_PRODUCTS_DIR; };
		043C30B322AE609C009F6BAF /* segmentedControlSwitchUITests.swift */ = {isa = PBXFileReference; lastKnownFileType = sourcecode.swift; path = segmentedControlSwitchUITests.swift; sourceTree = "<group>"; };
		043C30B522AE609C009F6BAF /* Info.plist */ = {isa = PBXFileReference; lastKnownFileType = text.plist.xml; path = Info.plist; sourceTree = "<group>"; };
/* End PBXFileReference section */

/* Begin PBXFrameworksBuildPhase section */
		043C308D22AE609C009F6BAF /* Frameworks */ = {
			isa = PBXFrameworksBuildPhase;
			buildActionMask = 2147483647;
			files = (
			);
			runOnlyForDeploymentPostprocessing = 0;
		};
		043C30A122AE609C009F6BAF /* Frameworks */ = {
			isa = PBXFrameworksBuildPhase;
			buildActionMask = 2147483647;
			files = (
			);
			runOnlyForDeploymentPostprocessing = 0;
		};
		043C30AC22AE609C009F6BAF /* Frameworks */ = {
			isa = PBXFrameworksBuildPhase;
			buildActionMask = 2147483647;
			files = (
			);
			runOnlyForDeploymentPostprocessing = 0;
		};
/* End PBXFrameworksBuildPhase section */

/* Begin PBXGroup section */
		043C308722AE609C009F6BAF = {
			isa = PBXGroup;
			children = (
				043C309222AE609C009F6BAF /* segmentedControlSwitch */,
				043C30A722AE609C009F6BAF /* segmentedControlSwitchTests */,
				043C30B222AE609C009F6BAF /* segmentedControlSwitchUITests */,
				043C309122AE609C009F6BAF /* Products */,
			);
			sourceTree = "<group>";
		};
		043C309122AE609C009F6BAF /* Products */ = {
			isa = PBXGroup;
			children = (
				043C309022AE609C009F6BAF /* segmentedControlSwitch.app */,
				043C30A422AE609C009F6BAF /* segmentedControlSwitchTests.xctest */,
				043C30AF22AE609C009F6BAF /* segmentedControlSwitchUITests.xctest */,
			);
			name = Products;
			sourceTree = "<group>";
		};
		043C309222AE609C009F6BAF /* segmentedControlSwitch */ = {
			isa = PBXGroup;
			children = (
				043C309322AE609C009F6BAF /* AppDelegate.swift */,
				043C309522AE609C009F6BAF /* ViewController.swift */,
				043C309722AE609C009F6BAF /* Main.storyboard */,
				043C309A22AE609C009F6BAF /* Assets.xcassets */,
				043C309C22AE609C009F6BAF /* LaunchScreen.storyboard */,
				043C309F22AE609C009F6BAF /* Info.plist */,
			);
			path = segmentedControlSwitch;
			sourceTree = "<group>";
		};
		043C30A722AE609C009F6BAF /* segmentedControlSwitchTests */ = {
			isa = PBXGroup;
			children = (
				043C30A822AE609C009F6BAF /* segmentedControlSwitchTests.swift */,
				043C30AA22AE609C009F6BAF /* Info.plist */,
			);
			path = segmentedControlSwitchTests;
			sourceTree = "<group>";
		};
		043C30B222AE609C009F6BAF /* segmentedControlSwitchUITests */ = {
			isa = PBXGroup;
			children = (
				043C30B322AE609C009F6BAF /* segmentedControlSwitchUITests.swift */,
				043C30B522AE609C009F6BAF /* Info.plist */,
			);
			path = segmentedControlSwitchUITests;
			sourceTree = "<group>";
		};
/* End PBXGroup section */

/* Begin PBXNativeTarget section */
		043C308F22AE609C009F6BAF /* segmentedControlSwitch */ = {
			isa = PBXNativeTarget;
			buildConfigurationList = 043C30B822AE609C009F6BAF /* Build configuration list for PBXNativeTarget "segmentedControlSwitch" */;
			buildPhases = (
				043C308C22AE609C009F6BAF /* Sources */,
				043C308D22AE609C009F6BAF /* Frameworks */,
				043C308E22AE609C009F6BAF /* Resources */,
			);
			buildRules = (
			);
			dependencies = (
			);
			name = segmentedControlSwitch;
			productName = segmentedControlSwitch;
			productReference = 043C309022AE609C009F6BAF /* segmentedControlSwitch.app */;
			productType = "com.apple.product-type.application";
		};
		043C30A322AE609C009F6BAF /* segmentedControlSwitchTests */ = {
			isa = PBXNativeTarget;
			buildConfigurationList = 043C30BB22AE609C009F6BAF /* Build configuration list for PBXNativeTarget "segmentedControlSwitchTests" */;
			buildPhases = (
				043C30A022AE609C009F6BAF /* Sources */,
				043C30A122AE609C009F6BAF /* Frameworks */,
				043C30A222AE609C009F6BAF /* Resources */,
			);
			buildRules = (
			);
			dependencies = (
				043C30A622AE609C009F6BAF /* PBXTargetDependency */,
			);
			name = segmentedControlSwitchTests;
			productName = segmentedControlSwitchTests;
			productReference = 043C30A422AE609C009F6BAF /* segmentedControlSwitchTests.xctest */;
			productType = "com.apple.product-type.bundle.unit-test";
		};
		043C30AE22AE609C009F6BAF /* segmentedControlSwitchUITests */ = {
			isa = PBXNativeTarget;
			buildConfigurationList = 043C30BE22AE609C009F6BAF /* Build configuration list for PBXNativeTarget "segmentedControlSwitchUITests" */;
			buildPhases = (
				043C30AB22AE609C009F6BAF /* Sources */,
				043C30AC22AE609C009F6BAF /* Frameworks */,
				043C30AD22AE609C009F6BAF /* Resources */,
			);
			buildRules = (
			);
			dependencies = (
				043C30B122AE609C009F6BAF /* PBXTargetDependency */,
			);
			name = segmentedControlSwitchUITests;
			productName = segmentedControlSwitchUITests;
			productReference = 043C30AF22AE609C009F6BAF /* segmentedControlSwitchUITests.xctest */;
			productType = "com.apple.product-type.bundle.ui-testing";
		};
/* End PBXNativeTarget section */

/* Begin PBXProject section */
		043C308822AE609C009F6BAF /* Project object */ = {
			isa = PBXProject;
			attributes = {
				LastSwiftUpdateCheck = 0930;
				LastUpgradeCheck = 0930;
				ORGANIZATIONNAME = gammastack;
				TargetAttributes = {
					043C308F22AE609C009F6BAF = {
						CreatedOnToolsVersion = 9.3;
					};
					043C30A322AE609C009F6BAF = {
						CreatedOnToolsVersion = 9.3;
						TestTargetID = 043C308F22AE609C009F6BAF;
					};
					043C30AE22AE609C009F6BAF = {
						CreatedOnToolsVersion = 9.3;
						TestTargetID = 043C308F22AE609C009F6BAF;
					};
				};
			};
			buildConfigurationList = 043C308B22AE609C009F6BAF /* Build configuration list for PBXProject "segmentedControlSwitch" */;
			compatibilityVersion = "Xcode 9.3";
			developmentRegion = en;
			hasScannedForEncodings = 0;
			knownRegions = (
				en,
				Base,
			);
			mainGroup = 043C308722AE609C009F6BAF;
			productRefGroup = 043C309122AE609C009F6BAF /* Products */;
			projectDirPath = "";
			projectRoot = "";
			targets = (
				043C308F22AE609C009F6BAF /* segmentedControlSwitch */,
				043C30A322AE609C009F6BAF /* segmentedControlSwitchTests */,
				043C30AE22AE609C009F6BAF /* segmentedControlSwitchUITests */,
			);
		};
/* End PBXProject section */

/* Begin PBXResourcesBuildPhase section */
		043C308E22AE609C009F6BAF /* Resources */ = {
			isa = PBXResourcesBuildPhase;
			buildActionMask = 2147483647;
			files = (
				043C309E22AE609C009F6BAF /* LaunchScreen.storyboard in Resources */,
				043C309B22AE609C009F6BAF /* Assets.xcassets in Resources */,
				043C309922AE609C009F6BAF /* Main.storyboard in Resources */,
			);
			runOnlyForDeploymentPostprocessing = 0;
		};
		043C30A222AE609C009F6BAF /* Resources */ = {
			isa = PBXResourcesBuildPhase;
			buildActionMask = 2147483647;
			files = (
			);
			runOnlyForDeploymentPostprocessing = 0;
		};
		043C30AD22AE609C009F6BAF /* Resources */ = {
			isa = PBXResourcesBuildPhase;
			buildActionMask = 2147483647;
			files = (
			);
			runOnlyForDeploymentPostprocessing = 0;
		};
/* End PBXResourcesBuildPhase section */

/* Begin PBXSourcesBuildPhase section */
		043C308C22AE609C009F6BAF /* Sources */ = {
			isa = PBXSourcesBuildPhase;
			buildActionMask = 2147483647;
			files = (
				043C309622AE609C009F6BAF /* ViewController.swift in Sources */,
				043C309422AE609C009F6BAF /* AppDelegate.swift in Sources */,
			);
			runOnlyForDeploymentPostprocessing = 0;
		};
		043C30A022AE609C009F6BAF /* Sources */ = {
			isa = PBXSourcesBuildPhase;
			buildActionMask = 2147483647;
			files = (
				043C30A922AE609C009F6BAF /* segmentedControlSwitchTests.swift in Sources */,
			);
			runOnlyForDeploymentPostprocessing = 0;
		};
		043C30AB22AE609C009F6BAF /* Sources */ = {
			isa = PBXSourcesBuildPhase;
			buildActionMask = 2147483647;
			files = (
				043C30B422AE609C009F6BAF /* segmentedControlSwitchUITests.swift in Sources */,
			);
			runOnlyForDeploymentPostprocessing = 0;
		};
/* End PBXSourcesBuildPhase section */

/* Begin PBXTargetDependency section */
		043C30A622AE609C009F6BAF /* PBXTargetDependency */ = {
			isa = PBXTargetDependency;
			target = 043C308F22AE609C009F6BAF /* segmentedControlSwitch */;
			targetProxy = 043C30A522AE609C009F6BAF /* PBXContainerItemProxy */;
		};
		043C30B122AE609C009F6BAF /* PBXTargetDependency */ = {
			isa = PBXTargetDependency;
			target = 043C308F22AE609C009F6BAF /* segmentedControlSwitch */;
			targetProxy = 043C30B022AE609C009F6BAF /* PBXContainerItemProxy */;
		};
/* End PBXTargetDependency section */

/* Begin PBXVariantGroup section */
		043C309722AE609C009F6BAF /* Main.storyboard */ = {
			isa = PBXVariantGroup;
			children = (
				043C309822AE609C009F6BAF /* Base */,
			);
			name = Main.storyboard;
			sourceTree = "<group>";
		};
		043C309C22AE609C009F6BAF /* LaunchScreen.storyboard */ = {
			isa = PBXVariantGroup;
			children = (
				043C309D22AE609C009F6BAF /* Base */,
			);
			name = LaunchScreen.storyboard;
			sourceTree = "<group>";
		};
/* End PBXVariantGroup section */

/* Begin XCBuildConfiguration section */
		043C30B622AE609C009F6BAF /* Debug */ = {
			isa = XCBuildConfiguration;
			buildSettings = {
				ALWAYS_SEARCH_USER_PATHS = NO;
				CLANG_ANALYZER_NONNULL = YES;
				CLANG_ANALYZER_NUMBER_OBJECT_CONVERSION = YES_AGGRESSIVE;
				CLANG_CXX_LANGUAGE_STANDARD = "gnu++14";
				CLANG_CXX_LIBRARY = "libc++";
				CLANG_ENABLE_MODULES = YES;
				CLANG_ENABLE_OBJC_ARC = YES;
				CLANG_ENABLE_OBJC_WEAK = YES;
				CLANG_WARN_BLOCK_CAPTURE_AUTORELEASING = YES;
				CLANG_WARN_BOOL_CONVERSION = YES;
				CLANG_WARN_COMMA = YES;
				CLANG_WARN_CONSTANT_CONVERSION = YES;
				CLANG_WARN_DEPRECATED_OBJC_IMPLEMENTATIONS = YES;
				CLANG_WARN_DIRECT_OBJC_ISA_USAGE = YES_ERROR;
				CLANG_WARN_DOCUMENTATION_COMMENTS = YES;
				CLANG_WARN_EMPTY_BODY = YES;
				CLANG_WARN_ENUM_CONVERSION = YES;
				CLANG_WARN_INFINITE_RECURSION = YES;
				CLANG_WARN_INT_CONVERSION = YES;
				CLANG_WARN_NON_LITERAL_NULL_CONVERSION = YES;
				CLANG_WARN_OBJC_IMPLICIT_RETAIN_SELF = YES;
				CLANG_WARN_OBJC_LITERAL_CONVERSION = YES;
				CLANG_WARN_OBJC_ROOT_CLASS = YES_ERROR;
				CLANG_WARN_RANGE_LOOP_ANALYSIS = YES;
				CLANG_WARN_STRICT_PROTOTYPES = YES;
				CLANG_WARN_SUSPICIOUS_MOVE = YES;
				CLANG_WARN_UNGUARDED_AVAILABILITY = YES_AGGRESSIVE;
				CLANG_WARN_UNREACHABLE_CODE = YES;
				CLANG_WARN__DUPLICATE_METHOD_MATCH = YES;
				CODE_SIGN_IDENTITY = "iPhone Developer";
				COPY_PHASE_STRIP = NO;
				DEBUG_INFORMATION_FORMAT = dwarf;
				ENABLE_STRICT_OBJC_MSGSEND = YES;
				ENABLE_TESTABILITY = YES;
				GCC_C_LANGUAGE_STANDARD = gnu11;
				GCC_DYNAMIC_NO_PIC = NO;
				GCC_NO_COMMON_BLOCKS = YES;
				GCC_OPTIMIZATION_LEVEL = 0;
				GCC_PREPROCESSOR_DEFINITIONS = (
					"DEBUG=1",
					"$(inherited)",
				);
				GCC_WARN_64_TO_32_BIT_CONVERSION = YES;
				GCC_WARN_ABOUT_RETURN_TYPE = YES_ERROR;
				GCC_WARN_UNDECLARED_SELECTOR = YES;
				GCC_WARN_UNINITIALIZED_AUTOS = YES_AGGRESSIVE;
				GCC_WARN_UNUSED_FUNCTION = YES;
				GCC_WARN_UNUSED_VARIABLE = YES;
				IPHONEOS_DEPLOYMENT_TARGET = 11.3;
				MTL_ENABLE_DEBUG_INFO = YES;
				ONLY_ACTIVE_ARCH = YES;
				SDKROOT = iphoneos;
				SWIFT_ACTIVE_COMPILATION_CONDITIONS = DEBUG;
				SWIFT_OPTIMIZATION_LEVEL = "-Onone";
			};
			name = Debug;
		};
		043C30B722AE609C009F6BAF /* Release */ = {
			isa = XCBuildConfiguration;
			buildSettings = {
				ALWAYS_SEARCH_USER_PATHS = NO;
				CLANG_ANALYZER_NONNULL = YES;
				CLANG_ANALYZER_NUMBER_OBJECT_CONVERSION = YES_AGGRESSIVE;
				CLANG_CXX_LANGUAGE_STANDARD = "gnu++14";
				CLANG_CXX_LIBRARY = "libc++";
				CLANG_ENABLE_MODULES = YES;
				CLANG_ENABLE_OBJC_ARC = YES;
				CLANG_ENABLE_OBJC_WEAK = YES;
				CLANG_WARN_BLOCK_CAPTURE_AUTORELEASING = YES;
				CLANG_WARN_BOOL_CONVERSION = YES;
				CLANG_WARN_COMMA = YES;
				CLANG_WARN_CONSTANT_CONVERSION = YES;
				CLANG_WARN_DEPRECATED_OBJC_IMPLEMENTATIONS = YES;
				CLANG_WARN_DIRECT_OBJC_ISA_USAGE = YES_ERROR;
				CLANG_WARN_DOCUMENTATION_COMMENTS = YES;
				CLANG_WARN_EMPTY_BODY = YES;
				CLANG_WARN_ENUM_CONVERSION = YES;
				CLANG_WARN_INFINITE_RECURSION = YES;
				CLANG_WARN_INT_CONVERSION = YES;
				CLANG_WARN_NON_LITERAL_NULL_CONVERSION = YES;
				CLANG_WARN_OBJC_IMPLICIT_RETAIN_SELF = YES;
				CLANG_WARN_OBJC_LITERAL_CONVERSION = YES;
				CLANG_WARN_OBJC_ROOT_CLASS = YES_ERROR;
				CLANG_WARN_RANGE_LOOP_ANALYSIS = YES;
				CLANG_WARN_STRICT_PROTOTYPES = YES;
				CLANG_WARN_SUSPICIOUS_MOVE = YES;
				CLANG_WARN_UNGUARDED_AVAILABILITY = YES_AGGRESSIVE;
				CLANG_WARN_UNREACHABLE_CODE = YES;
				CLANG_WARN__DUPLICATE_METHOD_MATCH = YES;
				CODE_SIGN_IDENTITY = "iPhone Developer";
				COPY_PHASE_STRIP = NO;
				DEBUG_INFORMATION_FORMAT = "dwarf-with-dsym";
				ENABLE_NS_ASSERTIONS = NO;
				ENABLE_STRICT_OBJC_MSGSEND = YES;
				GCC_C_LANGUAGE_STANDARD = gnu11;
				GCC_NO_COMMON_BLOCKS = YES;
				GCC_WARN_64_TO_32_BIT_CONVERSION = YES;
				GCC_WARN_ABOUT_RETURN_TYPE = YES_ERROR;
				GCC_WARN_UNDECLARED_SELECTOR = YES;
				GCC_WARN_UNINITIALIZED_AUTOS = YES_AGGRESSIVE;
				GCC_WARN_UNUSED_FUNCTION = YES;
				GCC_WARN_UNUSED_VARIABLE = YES;
				IPHONEOS_DEPLOYMENT_TARGET = 11.3;
				MTL_ENABLE_DEBUG_INFO = NO;
				SDKROOT = iphoneos;
				SWIFT_COMPILATION_MODE = wholemodule;
				SWIFT_OPTIMIZATION_LEVEL = "-O";
				VALIDATE_PRODUCT = YES;
			};
			name = Release;
		};
		043C30B922AE609C009F6BAF /* Debug */ = {
			isa = XCBuildConfiguration;
			buildSettings = {
				ASSETCATALOG_COMPILER_APPICON_NAME = AppIcon;
				CODE_SIGN_STYLE = Automatic;
				INFOPLIST_FILE = segmentedControlSwitch/Info.plist;
				LD_RUNPATH_SEARCH_PATHS = (
					"$(inherited)",
					"@executable_path/Frameworks",
				);
				PRODUCT_BUNDLE_IDENTIFIER = ssj.segmentedControlSwitch;
				PRODUCT_NAME = "$(TARGET_NAME)";
				SWIFT_VERSION = 4.0;
				TARGETED_DEVICE_FAMILY = "1,2";
			};
			name = Debug;
		};
		043C30BA22AE609C009F6BAF /* Release */ = {
			isa = XCBuildConfiguration;
			buildSettings = {
				ASSETCATALOG_COMPILER_APPICON_NAME = AppIcon;
				CODE_SIGN_STYLE = Automatic;
				INFOPLIST_FILE = segmentedControlSwitch/Info.plist;
				LD_RUNPATH_SEARCH_PATHS = (
					"$(inherited)",
					"@executable_path/Frameworks",
				);
				PRODUCT_BUNDLE_IDENTIFIER = ssj.segmentedControlSwitch;
				PRODUCT_NAME = "$(TARGET_NAME)";
				SWIFT_VERSION = 4.0;
				TARGETED_DEVICE_FAMILY = "1,2";
			};
			name = Release;
		};
		043C30BC22AE609C009F6BAF /* Debug */ = {
			isa = XCBuildConfiguration;
			buildSettings = {
				ALWAYS_EMBED_SWIFT_STANDARD_LIBRARIES = YES;
				BUNDLE_LOADER = "$(TEST_HOST)";
				CODE_SIGN_STYLE = Automatic;
				INFOPLIST_FILE = segmentedControlSwitchTests/Info.plist;
				LD_RUNPATH_SEARCH_PATHS = (
					"$(inherited)",
					"@executable_path/Frameworks",
					"@loader_path/Frameworks",
				);
				PRODUCT_BUNDLE_IDENTIFIER = ssj.segmentedControlSwitchTests;
				PRODUCT_NAME = "$(TARGET_NAME)";
				SWIFT_VERSION = 4.0;
				TARGETED_DEVICE_FAMILY = "1,2";
				TEST_HOST = "$(BUILT_PRODUCTS_DIR)/segmentedControlSwitch.app/segmentedControlSwitch";
			};
			name = Debug;
		};
		043C30BD22AE609C009F6BAF /* Release */ = {
			isa = XCBuildConfiguration;
			buildSettings = {
				ALWAYS_EMBED_SWIFT_STANDARD_LIBRARIES = YES;
				BUNDLE_LOADER = "$(TEST_HOST)";
				CODE_SIGN_STYLE = Automatic;
				INFOPLIST_FILE = segmentedControlSwitchTests/Info.plist;
				LD_RUNPATH_SEARCH_PATHS = (
					"$(inherited)",
					"@executable_path/Frameworks",
					"@loader_path/Frameworks",
				);
				PRODUCT_BUNDLE_IDENTIFIER = ssj.segmentedControlSwitchTests;
				PRODUCT_NAME = "$(TARGET_NAME)";
				SWIFT_VERSION = 4.0;
				TARGETED_DEVICE_FAMILY = "1,2";
				TEST_HOST = "$(BUILT_PRODUCTS_DIR)/segmentedControlSwitch.app/segmentedControlSwitch";
			};
			name = Release;
		};
		043C30BF22AE609C009F6BAF /* Debug */ = {
			isa = XCBuildConfiguration;
			buildSettings = {
				ALWAYS_EMBED_SWIFT_STANDARD_LIBRARIES = YES;
				CODE_SIGN_STYLE = Automatic;
				INFOPLIST_FILE = segmentedControlSwitchUITests/Info.plist;
				LD_RUNPATH_SEARCH_PATHS = (
					"$(inherited)",
					"@executable_path/Frameworks",
					"@loader_path/Frameworks",
				);
				PRODUCT_BUNDLE_IDENTIFIER = ssj.segmentedControlSwitchUITests;
				PRODUCT_NAME = "$(TARGET_NAME)";
				SWIFT_VERSION = 4.0;
				TARGETED_DEVICE_FAMILY = "1,2";
				TEST_TARGET_NAME = segmentedControlSwitch;
			};
			name = Debug;
		};
		043C30C022AE609C009F6BAF /* Release */ = {
			isa = XCBuildConfiguration;
			buildSettings = {
				ALWAYS_EMBED_SWIFT_STANDARD_LIBRARIES = YES;
				CODE_SIGN_STYLE = Automatic;
				INFOPLIST_FILE = segmentedControlSwitchUITests/Info.plist;
				LD_RUNPATH_SEARCH_PATHS = (
					"$(inherited)",
					"@executable_path/Frameworks",
					"@loader_path/Frameworks",
				);
				PRODUCT_BUNDLE_IDENTIFIER = ssj.segmentedControlSwitchUITests;
				PRODUCT_NAME = "$(TARGET_NAME)";
				SWIFT_VERSION = 4.0;
				TARGETED_DEVICE_FAMILY = "1,2";
				TEST_TARGET_NAME = segmentedControlSwitch;
			};
			name = Release;
		};
/* End XCBuildConfiguration section */

/* Begin XCConfigurationList section */
		043C308B22AE609C009F6BAF /* Build configuration list for PBXProject "segmentedControlSwitch" */ = {
			isa = XCConfigurationList;
			buildConfigurations = (
				043C30B622AE609C009F6BAF /* Debug */,
				043C30B722AE609C009F6BAF /* Release */,
			);
			defaultConfigurationIsVisible = 0;
			defaultConfigurationName = Release;
		};
		043C30B822AE609C009F6BAF /* Build configuration list for PBXNativeTarget "segmentedControlSwitch" */ = {
			isa = XCConfigurationList;
			buildConfigurations = (
				043C30B922AE609C009F6BAF /* Debug */,
				043C30BA22AE609C009F6BAF /* Release */,
			);
			defaultConfigurationIsVisible = 0;
			defaultConfigurationName = Release;
		};
		043C30BB22AE609C009F6BAF /* Build configuration list for PBXNativeTarget "segmentedControlSwitchTests" */ = {
			isa = XCConfigurationList;
			buildConfigurations = (
				043C30BC22AE609C009F6BAF /* Debug */,
				043C30BD22AE609C009F6BAF /* Release */,
			);
			defaultConfigurationIsVisible = 0;
			defaultConfigurationName = Release;
		};
		043C30BE22AE609C009F6BAF /* Build configuration list for PBXNativeTarget "segmentedControlSwitchUITests" */ = {
			isa = XCConfigurationList;
			buildConfigurations = (
				043C30BF22AE609C009F6BAF /* Debug */,
				043C30C022AE609C009F6BAF /* Release */,
			);
			defaultConfigurationIsVisible = 0;
			defaultConfigurationName = Release;
		};
/* End XCConfigurationList section */
	};
	rootObject = 043C308822AE609C009F6BAF /* Project object */;
}
